
Microsoft Visual Studio Solution File, Format Version 12.00
# Visual Studio 15
VisualStudioVersion = 15.0.27004.2002
MinimumVisualStudioVersion = 10.0.40219.1
Project("{8BC9CEB8-8B4A-11D0-8D11-00A0C91BC942}") = "okomirror", "okomirror.vcxproj", "{99404C6D-C3A3-43BE-A698-5CB236EEB09F}"
EndProject
Global
	GlobalSection(SolutionConfigurationPlatforms) = preSolution
		Debug|x64 = Debug|x64
		Debug|x86 = Debug|x86
		Release|x64 = Release|x64
		Release|x86 = Release|x86
	EndGlobalSection
	GlobalSection(ProjectConfigurationPlatforms) = postSolution
		{99404C6D-C3A3-43BE-A698-5CB236EEB09F}.Debug|x64.ActiveCfg = Debug|x64
		{99404C6D-C3A3-43BE-A698-5CB236EEB09F}.Debug|x64.Build.0 = Debug|x64
		{99404C6D-C3A3-43BE-A698-5CB236EEB09F}.Debug|x86.ActiveCfg = Debug|Win32
		{99404C6D-C3A3-43BE-A698-5CB236EEB09F}.Debug|x86.Build.0 = Debug|Win32
		{99404C6D-C3A3-43BE-A698-5CB236EEB09F}.Release|x64.ActiveCfg = Release|x64
		{99404C6D-C3A3-43BE-A698-5CB236EEB09F}.Release|x64.Build.0 = Release|x64
		{99404C6D-C3A3-43BE-A698-5CB236EEB09F}.Release|x86.ActiveCfg = Release|Win32
		{99404C6D-C3A3-43BE-A698-5CB236EEB09F}.Release|x86.Build.0 = Release|Win32
	EndGlobalSection
	GlobalSection(SolutionProperties) = preSolution
		HideSolutionNode = FALSE
	EndGlobalSection
	GlobalSection(ExtensibilityGlobals) = postSolution
		SolutionGuid = {38A597FB-6F63-4EB0-B356-807DBBF1DA62}
	EndGlobalSection
EndGlobal
